
Microsoft Visual Studio Solution File, Format Version 12.00
# Visual Studio Version 16
VisualStudioVersion = 16.0.31424.327
MinimumVisualStudioVersion = 10.0.40219.1
Project("{FAE04EC0-301F-11D3-BF4B-00C04F79EFBC}") = "borrowProj", "borrowProj\borrowProj.csproj", "{A75BA7D7-A4A6-4D55-B014-CABE627CA8A0}"
EndProject
Global
	GlobalSection(SolutionConfigurationPlatforms) = preSolution
		Debug|Any CPU = Debug|Any CPU
		Release|Any CPU = Release|Any CPU
	EndGlobalSection
	GlobalSection(ProjectConfigurationPlatforms) = postSolution
		{A75BA7D7-A4A6-4D55-B014-CABE627CA8A0}.Debug|Any CPU.ActiveCfg = Debug|Any CPU
		{A75BA7D7-A4A6-4D55-B014-CABE627CA8A0}.Debug|Any CPU.Build.0 = Debug|Any CPU
		{A75BA7D7-A4A6-4D55-B014-CABE627CA8A0}.Release|Any CPU.ActiveCfg = Release|Any CPU
		{A75BA7D7-A4A6-4D55-B014-CABE627CA8A0}.Release|Any CPU.Build.0 = Release|Any CPU
	EndGlobalSection
	GlobalSection(SolutionProperties) = preSolution
		HideSolutionNode = FALSE
	EndGlobalSection
	GlobalSection(ExtensibilityGlobals) = postSolution
		SolutionGuid = {F7CA8FC0-7BEF-40BF-B564-E2E677E33995}
	EndGlobalSection
EndGlobal
